
Microsoft Visual Studio Solution File, Format Version 12.00
# Visual Studio 15
VisualStudioVersion = 15.0.28307.1778
MinimumVisualStudioVersion = 10.0.40219.1
Project("{D954291E-2A0B-460D-934E-DC6B0785DB48}") = "BenchmarkVector", "BenchmarkVector\BenchmarkVector.shproj", "{AACCECF2-B722-4658-A90A-775019AA8C3E}"
EndProject
Project("{9A19103F-16F7-4668-BE54-9A1E7A4F7556}") = "BenchmarkVectorCore20", "BenchmarkVectorCore20\BenchmarkVectorCore20.csproj", "{C835D9C9-A746-4B8E-8B7F-ECFFDB8CE2BA}"
EndProject
Project("{9A19103F-16F7-4668-BE54-9A1E7A4F7556}") = "BenchmarkVectorLib", "BenchmarkVectorLib\BenchmarkVectorLib.csproj", "{CD4B763D-A8E2-4B03-A352-B0F050A9FAC2}"
EndProject
Project("{9A19103F-16F7-4668-BE54-9A1E7A4F7556}") = "BenchmarkVectorCore20UseLib", "BenchmarkVectorCore20UseLib\BenchmarkVectorCore20UseLib.csproj", "{EC9B11F5-5D9A-43D4-AF4F-D9255A1184A7}"
EndProject
Project("{FAE04EC0-301F-11D3-BF4B-00C04F79EFBC}") = "BenchmarkVectorFw45", "BenchmarkVectorFw45\BenchmarkVectorFw45.csproj", "{A5C03D2E-E0B4-4B68-8C4A-A028CFBE4ABB}"
EndProject
Project("{FAE04EC0-301F-11D3-BF4B-00C04F79EFBC}") = "BenchmarkVectorFw46", "BenchmarkVectorFw46\BenchmarkVectorFw46.csproj", "{0E99B640-2C08-44FC-AA8D-F85703CA33C2}"
EndProject
Project("{FAE04EC0-301F-11D3-BF4B-00C04F79EFBC}") = "BenchmarkVectorFw46UseLib", "BenchmarkVectorFw46UseLib\BenchmarkVectorFw46UseLib.csproj", "{374F7A90-602D-4D7F-B5C0-AD78003D36B1}"
EndProject
Global
	GlobalSection(SharedMSBuildProjectFiles) = preSolution
		BenchmarkVector\BenchmarkVector.projitems*{0e99b640-2c08-44fc-aa8d-f85703ca33c2}*SharedItemsImports = 4
		BenchmarkVector\BenchmarkVector.projitems*{a5c03d2e-e0b4-4b68-8c4a-a028cfbe4abb}*SharedItemsImports = 4
		BenchmarkVector\BenchmarkVector.projitems*{aaccecf2-b722-4658-a90a-775019aa8c3e}*SharedItemsImports = 13
	EndGlobalSection
	GlobalSection(SolutionConfigurationPlatforms) = preSolution
		Debug|Any CPU = Debug|Any CPU
		Release|Any CPU = Release|Any CPU
	EndGlobalSection
	GlobalSection(ProjectConfigurationPlatforms) = postSolution
		{C835D9C9-A746-4B8E-8B7F-ECFFDB8CE2BA}.Debug|Any CPU.ActiveCfg = Debug|Any CPU
		{C835D9C9-A746-4B8E-8B7F-ECFFDB8CE2BA}.Debug|Any CPU.Build.0 = Debug|Any CPU
		{C835D9C9-A746-4B8E-8B7F-ECFFDB8CE2BA}.Release|Any CPU.ActiveCfg = Release|Any CPU
		{C835D9C9-A746-4B8E-8B7F-ECFFDB8CE2BA}.Release|Any CPU.Build.0 = Release|Any CPU
		{CD4B763D-A8E2-4B03-A352-B0F050A9FAC2}.Debug|Any CPU.ActiveCfg = Debug|Any CPU
		{CD4B763D-A8E2-4B03-A352-B0F050A9FAC2}.Debug|Any CPU.Build.0 = Debug|Any CPU
		{CD4B763D-A8E2-4B03-A352-B0F050A9FAC2}.Release|Any CPU.ActiveCfg = Release|Any CPU
		{CD4B763D-A8E2-4B03-A352-B0F050A9FAC2}.Release|Any CPU.Build.0 = Release|Any CPU
		{EC9B11F5-5D9A-43D4-AF4F-D9255A1184A7}.Debug|Any CPU.ActiveCfg = Debug|Any CPU
		{EC9B11F5-5D9A-43D4-AF4F-D9255A1184A7}.Debug|Any CPU.Build.0 = Debug|Any CPU
		{EC9B11F5-5D9A-43D4-AF4F-D9255A1184A7}.Release|Any CPU.ActiveCfg = Release|Any CPU
		{EC9B11F5-5D9A-43D4-AF4F-D9255A1184A7}.Release|Any CPU.Build.0 = Release|Any CPU
		{A5C03D2E-E0B4-4B68-8C4A-A028CFBE4ABB}.Debug|Any CPU.ActiveCfg = Debug|Any CPU
		{A5C03D2E-E0B4-4B68-8C4A-A028CFBE4ABB}.Debug|Any CPU.Build.0 = Debug|Any CPU
		{A5C03D2E-E0B4-4B68-8C4A-A028CFBE4ABB}.Release|Any CPU.ActiveCfg = Release|Any CPU
		{A5C03D2E-E0B4-4B68-8C4A-A028CFBE4ABB}.Release|Any CPU.Build.0 = Release|Any CPU
		{0E99B640-2C08-44FC-AA8D-F85703CA33C2}.Debug|Any CPU.ActiveCfg = Debug|Any CPU
		{0E99B640-2C08-44FC-AA8D-F85703CA33C2}.Debug|Any CPU.Build.0 = Debug|Any CPU
		{0E99B640-2C08-44FC-AA8D-F85703CA33C2}.Release|Any CPU.ActiveCfg = Release|Any CPU
		{0E99B640-2C08-44FC-AA8D-F85703CA33C2}.Release|Any CPU.Build.0 = Release|Any CPU
		{374F7A90-602D-4D7F-B5C0-AD78003D36B1}.Debug|Any CPU.ActiveCfg = Debug|Any CPU
		{374F7A90-602D-4D7F-B5C0-AD78003D36B1}.Debug|Any CPU.Build.0 = Debug|Any CPU
		{374F7A90-602D-4D7F-B5C0-AD78003D36B1}.Release|Any CPU.ActiveCfg = Release|Any CPU
		{374F7A90-602D-4D7F-B5C0-AD78003D36B1}.Release|Any CPU.Build.0 = Release|Any CPU
	EndGlobalSection
	GlobalSection(SolutionProperties) = preSolution
		HideSolutionNode = FALSE
	EndGlobalSection
	GlobalSection(ExtensibilityGlobals) = postSolution
		SolutionGuid = {20C06528-6ED5-4D11-B11C-276C5D622479}
	EndGlobalSection
EndGlobal
